
Microsoft Visual Studio Solution File, Format Version 12.00
# Visual Studio Version 17
VisualStudioVersion = 17.5.33530.505
MinimumVisualStudioVersion = 10.0.40219.1
Project("{FAE04EC0-301F-11D3-BF4B-00C04F79EFBC}") = "ShoppingWeb", "ShoppingWeb\ShoppingWeb.csproj", "{17CB3A67-84A2-42F9-B039-AC9A9415B48B}"
EndProject
Global
	GlobalSection(SolutionConfigurationPlatforms) = preSolution
		Debug|Any CPU = Debug|Any CPU
		Release|Any CPU = Release|Any CPU
	EndGlobalSection
	GlobalSection(ProjectConfigurationPlatforms) = postSolution
		{17CB3A67-84A2-42F9-B039-AC9A9415B48B}.Debug|Any CPU.ActiveCfg = Debug|Any CPU
		{17CB3A67-84A2-42F9-B039-AC9A9415B48B}.Debug|Any CPU.Build.0 = Debug|Any CPU
		{17CB3A67-84A2-42F9-B039-AC9A9415B48B}.Release|Any CPU.ActiveCfg = Release|Any CPU
		{17CB3A67-84A2-42F9-B039-AC9A9415B48B}.Release|Any CPU.Build.0 = Release|Any CPU
	EndGlobalSection
	GlobalSection(SolutionProperties) = preSolution
		HideSolutionNode = FALSE
	EndGlobalSection
	GlobalSection(ExtensibilityGlobals) = postSolution
		SolutionGuid = {1B8656FA-0557-4574-A874-D2D1AB484828}
	EndGlobalSection
EndGlobal
